// !$*UTF8*$!
{
	archiveVersion = 1;
	classes = {
	};
	objectVersion = 46;
	objects = {

/* Begin PBXBuildFile section */
		081689331C19D36F00D8963D /* AppDelegate.swift in Sources */ = {isa = PBXBuildFile; fileRef = 081689321C19D36F00D8963D /* AppDelegate.swift */; };
		0816893A1C19D36F00D8963D /* Assets.xcassets in Resources */ = {isa = PBXBuildFile; fileRef = 081689391C19D36F00D8963D /* Assets.xcassets */; };
		081689451C19D37000D8963D /* UpcaseTests.swift in Sources */ = {isa = PBXBuildFile; fileRef = 081689441C19D37000D8963D /* UpcaseTests.swift */; };
		081689501C19D37000D8963D /* UpcaseUITests.swift in Sources */ = {isa = PBXBuildFile; fileRef = 0816894F1C19D37000D8963D /* UpcaseUITests.swift */; };
		0816895E1C19D4F700D8963D /* TVMLKit.framework in Frameworks */ = {isa = PBXBuildFile; fileRef = 0816895D1C19D4F700D8963D /* TVMLKit.framework */; };
/* End PBXBuildFile section */

/* Begin PBXContainerItemProxy section */
		081689411C19D37000D8963D /* PBXContainerItemProxy */ = {
			isa = PBXContainerItemProxy;
			containerPortal = 081689271C19D36F00D8963D /* Project object */;
			proxyType = 1;
			remoteGlobalIDString = 0816892E1C19D36F00D8963D;
			remoteInfo = Upcase;
		};
		0816894C1C19D37000D8963D /* PBXContainerItemProxy */ = {
			isa = PBXContainerItemProxy;
			containerPortal = 081689271C19D36F00D8963D /* Project object */;
			proxyType = 1;
			remoteGlobalIDString = 0816892E1C19D36F00D8963D;
			remoteInfo = Upcase;
		};
/* End PBXContainerItemProxy section */

/* Begin PBXFileReference section */
		0816892F1C19D36F00D8963D /* Upcase.app */ = {isa = PBXFileReference; explicitFileType = wrapper.application; includeInIndex = 0; path = Upcase.app; sourceTree = BUILT_PRODUCTS_DIR; };
		081689321C19D36F00D8963D /* AppDelegate.swift */ = {isa = PBXFileReference; lastKnownFileType = sourcecode.swift; path = AppDelegate.swift; sourceTree = "<group>"; };
		081689391C19D36F00D8963D /* Assets.xcassets */ = {isa = PBXFileReference; lastKnownFileType = folder.assetcatalog; path = Assets.xcassets; sourceTree = "<group>"; };
		0816893B1C19D36F00D8963D /* Info.plist */ = {isa = PBXFileReference; lastKnownFileType = text.plist.xml; path = Info.plist; sourceTree = "<group>"; };
		081689401C19D37000D8963D /* UpcaseTests.xctest */ = {isa = PBXFileReference; explicitFileType = wrapper.cfbundle; includeInIndex = 0; path = UpcaseTests.xctest; sourceTree = BUILT_PRODUCTS_DIR; };
		081689441C19D37000D8963D /* UpcaseTests.swift */ = {isa = PBXFileReference; lastKnownFileType = sourcecode.swift; path = UpcaseTests.swift; sourceTree = "<group>"; };
		081689461C19D37000D8963D /* Info.plist */ = {isa = PBXFileReference; lastKnownFileType = text.plist.xml; path = Info.plist; sourceTree = "<group>"; };
		0816894B1C19D37000D8963D /* UpcaseUITests.xctest */ = {isa = PBXFileReference; explicitFileType = wrapper.cfbundle; includeInIndex = 0; path = UpcaseUITests.xctest; sourceTree = BUILT_PRODUCTS_DIR; };
		0816894F1C19D37000D8963D /* UpcaseUITests.swift */ = {isa = PBXFileReference; lastKnownFileType = sourcecode.swift; path = UpcaseUITests.swift; sourceTree = "<group>"; };
		081689511C19D37000D8963D /* Info.plist */ = {isa = PBXFileReference; lastKnownFileType = text.plist.xml; path = Info.plist; sourceTree = "<group>"; };
		0816895D1C19D4F700D8963D /* TVMLKit.framework */ = {isa = PBXFileReference; lastKnownFileType = wrapper.framework; name = TVMLKit.framework; path = System/Library/Frameworks/TVMLKit.framework; sourceTree = SDKROOT; };
/* End PBXFileReference section */

/* Begin PBXFrameworksBuildPhase section */
		0816892C1C19D36F00D8963D /* Frameworks */ = {
			isa = PBXFrameworksBuildPhase;
			buildActionMask = 2147483647;
			files = (
				0816895E1C19D4F700D8963D /* TVMLKit.framework in Frameworks */,
			);
			runOnlyForDeploymentPostprocessing = 0;
		};
		0816893D1C19D37000D8963D /* Frameworks */ = {
			isa = PBXFrameworksBuildPhase;
			buildActionMask = 2147483647;
			files = (
			);
			runOnlyForDeploymentPostprocessing = 0;
		};
		081689481C19D37000D8963D /* Frameworks */ = {
			isa = PBXFrameworksBuildPhase;
			buildActionMask = 2147483647;
			files = (
			);
			runOnlyForDeploymentPostprocessing = 0;
		};
/* End PBXFrameworksBuildPhase section */

/* Begin PBXGroup section */
		081689261C19D36F00D8963D = {
			isa = PBXGroup;
			children = (
				0816895D1C19D4F700D8963D /* TVMLKit.framework */,
				081689311C19D36F00D8963D /* Upcase */,
				081689431C19D37000D8963D /* UpcaseTests */,
				0816894E1C19D37000D8963D /* UpcaseUITests */,
				081689301C19D36F00D8963D /* Products */,
			);
			sourceTree = "<group>";
		};
		081689301C19D36F00D8963D /* Products */ = {
			isa = PBXGroup;
			children = (
				0816892F1C19D36F00D8963D /* Upcase.app */,
				081689401C19D37000D8963D /* UpcaseTests.xctest */,
				0816894B1C19D37000D8963D /* UpcaseUITests.xctest */,
			);
			name = Products;
			sourceTree = "<group>";
		};
		081689311C19D36F00D8963D /* Upcase */ = {
			isa = PBXGroup;
			children = (
				081689321C19D36F00D8963D /* AppDelegate.swift */,
				081689391C19D36F00D8963D /* Assets.xcassets */,
				0816893B1C19D36F00D8963D /* Info.plist */,
			);
			path = Upcase;
			sourceTree = "<group>";
		};
		081689431C19D37000D8963D /* UpcaseTests */ = {
			isa = PBXGroup;
			children = (
				081689441C19D37000D8963D /* UpcaseTests.swift */,
				081689461C19D37000D8963D /* Info.plist */,
			);
			path = UpcaseTests;
			sourceTree = "<group>";
		};
		0816894E1C19D37000D8963D /* UpcaseUITests */ = {
			isa = PBXGroup;
			children = (
				0816894F1C19D37000D8963D /* UpcaseUITests.swift */,
				081689511C19D37000D8963D /* Info.plist */,
			);
			path = UpcaseUITests;
			sourceTree = "<group>";
		};
/* End PBXGroup section */

/* Begin PBXNativeTarget section */
		0816892E1C19D36F00D8963D /* Upcase */ = {
			isa = PBXNativeTarget;
			buildConfigurationList = 081689541C19D37000D8963D /* Build configuration list for PBXNativeTarget "Upcase" */;
			buildPhases = (
				0816892B1C19D36F00D8963D /* Sources */,
				0816892C1C19D36F00D8963D /* Frameworks */,
				0816892D1C19D36F00D8963D /* Resources */,
			);
			buildRules = (
			);
			dependencies = (
			);
			name = Upcase;
			productName = Upcase;
			productReference = 0816892F1C19D36F00D8963D /* Upcase.app */;
			productType = "com.apple.product-type.application";
		};
		0816893F1C19D37000D8963D /* UpcaseTests */ = {
			isa = PBXNativeTarget;
			buildConfigurationList = 081689571C19D37000D8963D /* Build configuration list for PBXNativeTarget "UpcaseTests" */;
			buildPhases = (
				0816893C1C19D37000D8963D /* Sources */,
				0816893D1C19D37000D8963D /* Frameworks */,
				0816893E1C19D37000D8963D /* Resources */,
			);
			buildRules = (
			);
			dependencies = (
				081689421C19D37000D8963D /* PBXTargetDependency */,
			);
			name = UpcaseTests;
			productName = UpcaseTests;
			productReference = 081689401C19D37000D8963D /* UpcaseTests.xctest */;
			productType = "com.apple.product-type.bundle.unit-test";
		};
		0816894A1C19D37000D8963D /* UpcaseUITests */ = {
			isa = PBXNativeTarget;
			buildConfigurationList = 0816895A1C19D37000D8963D /* Build configuration list for PBXNativeTarget "UpcaseUITests" */;
			buildPhases = (
				081689471C19D37000D8963D /* Sources */,
				081689481C19D37000D8963D /* Frameworks */,
				081689491C19D37000D8963D /* Resources */,
			);
			buildRules = (
			);
			dependencies = (
				0816894D1C19D37000D8963D /* PBXTargetDependency */,
			);
			name = UpcaseUITests;
			productName = UpcaseUITests;
			productReference = 0816894B1C19D37000D8963D /* UpcaseUITests.xctest */;
			productType = "com.apple.product-type.bundle.ui-testing";
		};
/* End PBXNativeTarget section */

/* Begin PBXProject section */
		081689271C19D36F00D8963D /* Project object */ = {
			isa = PBXProject;
			attributes = {
				LastSwiftUpdateCheck = 0710;
				LastUpgradeCheck = 0710;
				ORGANIZATIONNAME = thoughtbot;
				TargetAttributes = {
					0816892E1C19D36F00D8963D = {
						CreatedOnToolsVersion = 7.1;
					};
					0816893F1C19D37000D8963D = {
						CreatedOnToolsVersion = 7.1;
						TestTargetID = 0816892E1C19D36F00D8963D;
					};
					0816894A1C19D37000D8963D = {
						CreatedOnToolsVersion = 7.1;
						TestTargetID = 0816892E1C19D36F00D8963D;
					};
				};
			};
			buildConfigurationList = 0816892A1C19D36F00D8963D /* Build configuration list for PBXProject "Upcase" */;
			compatibilityVersion = "Xcode 3.2";
			developmentRegion = English;
			hasScannedForEncodings = 0;
			knownRegions = (
				en,
				Base,
			);
			mainGroup = 081689261C19D36F00D8963D;
			productRefGroup = 081689301C19D36F00D8963D /* Products */;
			projectDirPath = "";
			projectRoot = "";
			targets = (
				0816892E1C19D36F00D8963D /* Upcase */,
				0816893F1C19D37000D8963D /* UpcaseTests */,
				0816894A1C19D37000D8963D /* UpcaseUITests */,
			);
		};
/* End PBXProject section */

/* Begin PBXResourcesBuildPhase section */
		0816892D1C19D36F00D8963D /* Resources */ = {
			isa = PBXResourcesBuildPhase;
			buildActionMask = 2147483647;
			files = (
				0816893A1C19D36F00D8963D /* Assets.xcassets in Resources */,
			);
			runOnlyForDeploymentPostprocessing = 0;
		};
		0816893E1C19D37000D8963D /* Resources */ = {
			isa = PBXResourcesBuildPhase;
			buildActionMask = 2147483647;
			files = (
			);
			runOnlyForDeploymentPostprocessing = 0;
		};
		081689491C19D37000D8963D /* Resources */ = {
			isa = PBXResourcesBuildPhase;
			buildActionMask = 2147483647;
			files = (
			);
			runOnlyForDeploymentPostprocessing = 0;
		};
/* End PBXResourcesBuildPhase section */

/* Begin PBXSourcesBuildPhase section */
		0816892B1C19D36F00D8963D /* Sources */ = {
			isa = PBXSourcesBuildPhase;
			buildActionMask = 2147483647;
			files = (
				081689331C19D36F00D8963D /* AppDelegate.swift in Sources */,
			);
			runOnlyForDeploymentPostprocessing = 0;
		};
		0816893C1C19D37000D8963D /* Sources */ = {
			isa = PBXSourcesBuildPhase;
			buildActionMask = 2147483647;
			files = (
				081689451C19D37000D8963D /* UpcaseTests.swift in Sources */,
			);
			runOnlyForDeploymentPostprocessing = 0;
		};
		081689471C19D37000D8963D /* Sources */ = {
			isa = PBXSourcesBuildPhase;
			buildActionMask = 2147483647;
			files = (
				081689501C19D37000D8963D /* UpcaseUITests.swift in Sources */,
			);
			runOnlyForDeploymentPostprocessing = 0;
		};
/* End PBXSourcesBuildPhase section */

/* Begin PBXTargetDependency section */
		081689421C19D37000D8963D /* PBXTargetDependency */ = {
			isa = PBXTargetDependency;
			target = 0816892E1C19D36F00D8963D /* Upcase */;
			targetProxy = 081689411C19D37000D8963D /* PBXContainerItemProxy */;
		};
		0816894D1C19D37000D8963D /* PBXTargetDependency */ = {
			isa = PBXTargetDependency;
			target = 0816892E1C19D36F00D8963D /* Upcase */;
			targetProxy = 0816894C1C19D37000D8963D /* PBXContainerItemProxy */;
		};
/* End PBXTargetDependency section */

/* Begin XCBuildConfiguration section */
		081689521C19D37000D8963D /* Debug */ = {
			isa = XCBuildConfiguration;
			buildSettings = {
				ALWAYS_SEARCH_USER_PATHS = NO;
				CLANG_CXX_LANGUAGE_STANDARD = "gnu++0x";
				CLANG_CXX_LIBRARY = "libc++";
				CLANG_ENABLE_MODULES = YES;
				CLANG_ENABLE_OBJC_ARC = YES;
				CLANG_WARN_BOOL_CONVERSION = YES;
				CLANG_WARN_CONSTANT_CONVERSION = YES;
				CLANG_WARN_DIRECT_OBJC_ISA_USAGE = YES_ERROR;
				CLANG_WARN_EMPTY_BODY = YES;
				CLANG_WARN_ENUM_CONVERSION = YES;
				CLANG_WARN_INT_CONVERSION = YES;
				CLANG_WARN_OBJC_ROOT_CLASS = YES_ERROR;
				CLANG_WARN_UNREACHABLE_CODE = YES;
				CLANG_WARN__DUPLICATE_METHOD_MATCH = YES;
				COPY_PHASE_STRIP = NO;
				DEBUG_INFORMATION_FORMAT = dwarf;
				ENABLE_STRICT_OBJC_MSGSEND = YES;
				ENABLE_TESTABILITY = YES;
				GCC_C_LANGUAGE_STANDARD = gnu99;
				GCC_DYNAMIC_NO_PIC = NO;
				GCC_NO_COMMON_BLOCKS = YES;
				GCC_OPTIMIZATION_LEVEL = 0;
				GCC_PREPROCESSOR_DEFINITIONS = (
					"DEBUG=1",
					"$(inherited)",
				);
				GCC_WARN_64_TO_32_BIT_CONVERSION = YES;
				GCC_WARN_ABOUT_RETURN_TYPE = YES_ERROR;
				GCC_WARN_UNDECLARED_SELECTOR = YES;
				GCC_WARN_UNINITIALIZED_AUTOS = YES_AGGRESSIVE;
				GCC_WARN_UNUSED_FUNCTION = YES;
				GCC_WARN_UNUSED_VARIABLE = YES;
				MTL_ENABLE_DEBUG_INFO = YES;
				ONLY_ACTIVE_ARCH = YES;
				SDKROOT = appletvos;
				SWIFT_OPTIMIZATION_LEVEL = "-Onone";
				TARGETED_DEVICE_FAMILY = 3;
				TVOS_DEPLOYMENT_TARGET = 9.0;
			};
			name = Debug;
		};
		081689531C19D37000D8963D /* Release */ = {
			isa = XCBuildConfiguration;
			buildSettings = {
				ALWAYS_SEARCH_USER_PATHS = NO;
				CLANG_CXX_LANGUAGE_STANDARD = "gnu++0x";
				CLANG_CXX_LIBRARY = "libc++";
				CLANG_ENABLE_MODULES = YES;
				CLANG_ENABLE_OBJC_ARC = YES;
				CLANG_WARN_BOOL_CONVERSION = YES;
				CLANG_WARN_CONSTANT_CONVERSION = YES;
				CLANG_WARN_DIRECT_OBJC_ISA_USAGE = YES_ERROR;
				CLANG_WARN_EMPTY_BODY = YES;
				CLANG_WARN_ENUM_CONVERSION = YES;
				CLANG_WARN_INT_CONVERSION = YES;
				CLANG_WARN_OBJC_ROOT_CLASS = YES_ERROR;
				CLANG_WARN_UNREACHABLE_CODE = YES;
				CLANG_WARN__DUPLICATE_METHOD_MATCH = YES;
				COPY_PHASE_STRIP = NO;
				DEBUG_INFORMATION_FORMAT = "dwarf-with-dsym";
				ENABLE_NS_ASSERTIONS = NO;
				ENABLE_STRICT_OBJC_MSGSEND = YES;
				GCC_C_LANGUAGE_STANDARD = gnu99;
				GCC_NO_COMMON_BLOCKS = YES;
				GCC_WARN_64_TO_32_BIT_CONVERSION = YES;
				GCC_WARN_ABOUT_RETURN_TYPE = YES_ERROR;
				GCC_WARN_UNDECLARED_SELECTOR = YES;
				GCC_WARN_UNINITIALIZED_AUTOS = YES_AGGRESSIVE;
				GCC_WARN_UNUSED_FUNCTION = YES;
				GCC_WARN_UNUSED_VARIABLE = YES;
				MTL_ENABLE_DEBUG_INFO = NO;
				SDKROOT = appletvos;
				TARGETED_DEVICE_FAMILY = 3;
				TVOS_DEPLOYMENT_TARGET = 9.0;
				VALIDATE_PRODUCT = YES;
			};
			name = Release;
		};
		081689551C19D37000D8963D /* Debug */ = {
			isa = XCBuildConfiguration;
			buildSettings = {
				ASSETCATALOG_COMPILER_APPICON_NAME = "App Icon & Top Shelf Image";
				ASSETCATALOG_COMPILER_LAUNCHIMAGE_NAME = LaunchImage;
				INFOPLIST_FILE = Upcase/Info.plist;
				LD_RUNPATH_SEARCH_PATHS = "$(inherited) @executable_path/Frameworks";
				PRODUCT_BUNDLE_IDENTIFIER = com.thoughtbot.Upcase;
				PRODUCT_NAME = "$(TARGET_NAME)";
			};
			name = Debug;
		};
		081689561C19D37000D8963D /* Release */ = {
			isa = XCBuildConfiguration;
			buildSettings = {
				ASSETCATALOG_COMPILER_APPICON_NAME = "App Icon & Top Shelf Image";
				ASSETCATALOG_COMPILER_LAUNCHIMAGE_NAME = LaunchImage;
				INFOPLIST_FILE = Upcase/Info.plist;
				LD_RUNPATH_SEARCH_PATHS = "$(inherited) @executable_path/Frameworks";
				PRODUCT_BUNDLE_IDENTIFIER = com.thoughtbot.Upcase;
				PRODUCT_NAME = "$(TARGET_NAME)";
			};
			name = Release;
		};
		081689581C19D37000D8963D /* Debug */ = {
			isa = XCBuildConfiguration;
			buildSettings = {
				BUNDLE_LOADER = "$(TEST_HOST)";
				INFOPLIST_FILE = UpcaseTests/Info.plist;
				LD_RUNPATH_SEARCH_PATHS = "$(inherited) @executable_path/Frameworks @loader_path/Frameworks";
				PRODUCT_BUNDLE_IDENTIFIER = com.thoughtbot.UpcaseTests;
				PRODUCT_NAME = "$(TARGET_NAME)";
				TEST_HOST = "$(BUILT_PRODUCTS_DIR)/Upcase.app/Upcase";
			};
			name = Debug;
		};
		081689591C19D37000D8963D /* Release */ = {
			isa = XCBuildConfiguration;
			buildSettings = {
				BUNDLE_LOADER = "$(TEST_HOST)";
				INFOPLIST_FILE = UpcaseTests/Info.plist;
				LD_RUNPATH_SEARCH_PATHS = "$(inherited) @executable_path/Frameworks @loader_path/Frameworks";
				PRODUCT_BUNDLE_IDENTIFIER = com.thoughtbot.UpcaseTests;
				PRODUCT_NAME = "$(TARGET_NAME)";
				TEST_HOST = "$(BUILT_PRODUCTS_DIR)/Upcase.app/Upcase";
			};
			name = Release;
		};
		0816895B1C19D37000D8963D /* Debug */ = {
			isa = XCBuildConfiguration;
			buildSettings = {
				INFOPLIST_FILE = UpcaseUITests/Info.plist;
				LD_RUNPATH_SEARCH_PATHS = "$(inherited) @executable_path/Frameworks @loader_path/Frameworks";
				PRODUCT_BUNDLE_IDENTIFIER = com.thoughtbot.UpcaseUITests;
				PRODUCT_NAME = "$(TARGET_NAME)";
				TEST_TARGET_NAME = Upcase;
				USES_XCTRUNNER = YES;
			};
			name = Debug;
		};
		0816895C1C19D37000D8963D /* Release */ = {
			isa = XCBuildConfiguration;
			buildSettings = {
				INFOPLIST_FILE = UpcaseUITests/Info.plist;
				LD_RUNPATH_SEARCH_PATHS = "$(inherited) @executable_path/Frameworks @loader_path/Frameworks";
				PRODUCT_BUNDLE_IDENTIFIER = com.thoughtbot.UpcaseUITests;
				PRODUCT_NAME = "$(TARGET_NAME)";
				TEST_TARGET_NAME = Upcase;
				USES_XCTRUNNER = YES;
			};
			name = Release;
		};
/* End XCBuildConfiguration section */

/* Begin XCConfigurationList section */
		0816892A1C19D36F00D8963D /* Build configuration list for PBXProject "Upcase" */ = {
			isa = XCConfigurationList;
			buildConfigurations = (
				081689521C19D37000D8963D /* Debug */,
				081689531C19D37000D8963D /* Release */,
			);
			defaultConfigurationIsVisible = 0;
			defaultConfigurationName = Release;
		};
		081689541C19D37000D8963D /* Build configuration list for PBXNativeTarget "Upcase" */ = {
			isa = XCConfigurationList;
			buildConfigurations = (
				081689551C19D37000D8963D /* Debug */,
				081689561C19D37000D8963D /* Release */,
			);
			defaultConfigurationIsVisible = 0;
			defaultConfigurationName = Release;
		};
		081689571C19D37000D8963D /* Build configuration list for PBXNativeTarget "UpcaseTests" */ = {
			isa = XCConfigurationList;
			buildConfigurations = (
				081689581C19D37000D8963D /* Debug */,
				081689591C19D37000D8963D /* Release */,
			);
			defaultConfigurationIsVisible = 0;
			defaultConfigurationName = Release;
		};
		0816895A1C19D37000D8963D /* Build configuration list for PBXNativeTarget "UpcaseUITests" */ = {
			isa = XCConfigurationList;
			buildConfigurations = (
				0816895B1C19D37000D8963D /* Debug */,
				0816895C1C19D37000D8963D /* Release */,
			);
			defaultConfigurationIsVisible = 0;
			defaultConfigurationName = Release;
		};
/* End XCConfigurationList section */
	};
	rootObject = 081689271C19D36F00D8963D /* Project object */;
}
